{
    "_meta": {
        "hash": {
            "sha256": "67fdbeeeb8bd52bf3bd5eb25727ed14b21b72046b88f01621339ca9c58255d21"
        },
        "pipfile-spec": 6,
        "requires": {
            "python_version": "3"
        },
        "sources": [
            {
                "name": "piwheels",
                "url": "https://www.piwheels.org/simple/",
                "verify_ssl": true
            },
            {
                "name": "pypi",
                "url": "https://www.pypi.org/simple",
                "verify_ssl": true
            }
        ]
    },
    "default": {
        "argconfigparse": {
            "hashes": [
                "sha256:fb8dccb93f08b1f86461ed472115d94068b900cc7560d6efb6ddd3415f3d84be"
            ],
            "index": "piwheels",
            "version": "==0.2.7"
        },
        "attrs": {
            "hashes": [
                "sha256:b5196e1c37ab54ed0a9f528a8c0215a43c4fb666884f5920e0899c0abd8927a4"
            ],
            "markers": "python_version >= '3.7'",
            "version": "==23.1.0"
        },
        "decorator": {
            "hashes": [
                "sha256:6f519e77644a392d3054e528ba8db527df4246be581d4d43b14f0aacace79cbd"
            ],
            "markers": "python_version >= '3.5'",
            "version": "==5.1.1"
        },
        "epdlib": {
            "hashes": [
                "sha256:053da4543cad6a18b58080c64c3616c79bb6d2f264cb6f32eb2d35bd80aa1190"
            ],
            "index": "piwheels",
            "version": "==0.6.1.3"
        },
        "it8951": {
            "editable": true,
            "git": "https://github.com/GregDMeyer/IT8951.git",
            "ref": "67215164a7fc471bc6904f72ad55e51030905a97"
        },
        "jsonmerge": {
            "hashes": [
                "sha256:0a92e05ea8dc80de292c6f603e73280656c38f5954ff844a29c88614a894d5b1"
            ],
            "index": "piwheels",
            "version": "==1.9.2"
        },
        "jsonpath-ng": {
            "hashes": [
                "sha256:292a93569d74029ba75ac2dc3d3630fc0e17b2df26119a165fa1d498ca47bf65"
            ],
            "index": "piwheels",
            "version": "==1.5.3"
        },
        "jsonschema": {
            "hashes": [
                "sha256:043dc26a3845ff09d20e4420d6012a9c91c9aa8999fa184e7efcfeccb41e32cb"
            ],
            "markers": "python_version >= '3.8'",
            "version": "==4.19.0"
        },
        "jsonschema-specifications": {
            "hashes": [
                "sha256:05adf340b659828a004220a9613be00fa3f223f2b82002e273dee62fd50524b1"
            ],
            "markers": "python_version >= '3.8'",
            "version": "==2023.7.1"
        },
        "pillow": {
            "hashes": [
                "sha256:c3d151125cf7fad504c9d2b568f546846cb9481169e09c1092f58715d1209e48"
            ],
            "markers": "python_version >= '3.8'",
            "version": "==10.0.0"
        },
        "ply": {
            "hashes": [
                "sha256:096f9b8350b65ebd2fd1346b12452efe5b9607f7482813ffca50c22722a807ce"
            ],
            "version": "==3.11"
        },
        "referencing": {
            "hashes": [
                "sha256:449b6669b6121a9e96a7f9e410b245d471e8d48964c67113ce9afe50c8dd7bdf"
            ],
            "markers": "python_version >= '3.8'",
            "version": "==0.30.2"
        },
        "rpds-py": {
            "hashes": [
                "sha256:b4e104e3312ea704ee9b24c2849a2c214329d6c07d18ca42a9dd9fb21dc12f21"
            ],
            "markers": "python_version >= '3.8'",
            "version": "==0.10.2"
        },
        "rpi.gpio": {
            "hashes": [
                "sha256:231f6142c25975a7e39b96faf4905f05f97dba6809e8c5f0d58f284b35b4b821",
                "sha256:5073d1972727cfad38a1a42f02da91dc41f137679290aa804ab6c410168347ac",
                "sha256:e5dfec2c4ccb7dbe9eef3dfc76a3b04121fc62d77fd8fbe1a8e841468a1b0c4c"
            ],
            "version": "==0.7.1"
        },
        "six": {
            "hashes": [
                "sha256:8abb2f1d86890a2dfb989f9a77cfcfd3e47c2a354b01111771326f8aa26e0254"
            ],
            "markers": "python_version >= '2.7' and python_version not in '3.0, 3.1, 3.2, 3.3'",
            "version": "==1.16.0"
        },
        "spidev": {
            "hashes": [
                "sha256:202698d9f7906cca548c301b97eee117bc029642af3e743b28597f752d11c0ee",
                "sha256:ef47ae501d5b307ce7411e3ddab4b4d04fa31fdaed5e5730a4e3336f65c5f76b"
            ],
            "version": "==3.6"
        }
    },
    "develop": {
        "asttokens": {
            "hashes": [
                "sha256:02a7aa4502dbf457dd522b0e664fb87aedcee62e16a65a846c0b7d8610e60b62"
            ],
            "version": "==2.4.0"
        },
        "backcall": {
            "hashes": [
                "sha256:fbbce6a29f263178a1f7915c1940bde0ec2b2a967566fe1c65c1dfb7422bd255"
            ],
            "version": "==0.2.0"
        },
        "cairocffi": {
            "hashes": [
                "sha256:7541137a2eb36e875247b9150eda16a34dc8a0df71471ca65d900c4775635ea5"
            ],
            "index": "piwheels",
            "version": "==1.6.1"
        },
        "cairosvg": {
            "hashes": [
                "sha256:a2f6439657d9720ec39052f29dc3ca758f34c327a42fd5255fddd67dfe671a15"
            ],
            "index": "piwheels",
            "version": "==2.7.1"
        },
        "certifi": {
            "hashes": [
                "sha256:4e4d84b05d4572339352afe85f0490367f5b8572b7f8d3f2373dffd642210f2d"
            ],
            "markers": "python_version >= '3.6'",
            "version": "==2023.7.22"
        },
        "cffi": {
            "hashes": [
                "sha256:6121721a6976cbf2fc4d2807fded73d92917c911bbc8ba2c7310321d7b760230",
                "sha256:a1e3a74910df7f5e703e5b0009d411171b808e45f4826fac0568fdab1a154185",
                "sha256:bf9242179d15bac1bf6d9b03d83d058019b3f6bca8c08ad699de315e5fbfa6d3"
            ],
            "index": "piwheels",
            "version": "==1.15.1"
        },
        "charset-normalizer": {
            "hashes": [
                "sha256:961de80416b72ef32233a659535db45951dd86adf037ace0796a74fd8ad4ffde"
            ],
            "markers": "python_full_version >= '3.7.0'",
            "version": "==3.2.0"
        },
        "comm": {
            "hashes": [
                "sha256:e29eb362f63e48a8db37c29b669cc11de82d3e1be77a9251becdb8da1d9cb9f8"
            ],
            "markers": "python_version >= '3.6'",
            "version": "==0.1.4"
        },
        "cssselect2": {
            "hashes": [
                "sha256:63fee6b00baea10c21b39553577dc8fd87639984c5b17fed86e93e7ff9ed9f2c"
            ],
            "markers": "python_version >= '3.7'",
            "version": "==0.7.0"
        },
        "currency-symbols": {
            "hashes": [
                "sha256:5faffebcaee6e63f16be4f7a879f1aa9ca5f9f39afa2aad1856c43e4e8f8031f"
            ],
            "index": "piwheels",
            "version": "==2.0.3"
        },
        "debugpy": {
            "hashes": [
                "sha256:33edebdca433f2ab2fefc6049401c2f4e6fd3aa884c39e0d92d42d3b9760917b",
                "sha256:c40a2b3f55bb9eb2cc606efdf32bd69a850be6f6e4dba7a211fc9edac8d786eb"
            ],
            "markers": "python_version >= '3.7'",
            "version": "==1.6.7.post1"
        },
        "decorator": {
            "hashes": [
                "sha256:6f519e77644a392d3054e528ba8db527df4246be581d4d43b14f0aacace79cbd"
            ],
            "markers": "python_version >= '3.5'",
            "version": "==5.1.1"
        },
        "defusedxml": {
            "hashes": [
                "sha256:a352e7e428770286cc899e2542b6cdaedb2b4953ff269a210103ec58f6198a61"
            ],
            "markers": "python_version >= '2.7' and python_version not in '3.0, 3.1, 3.2, 3.3, 3.4'",
            "version": "==0.7.1"
        },
        "dictor": {
            "hashes": [
                "sha256:73792a09cd7cffcf355e172999cd5b2b817f033f6c0a83f590736a96c8c11f78"
            ],
            "index": "piwheels",
            "version": "==0.1.11"
        },
        "docopt": {
            "hashes": [
                "sha256:15fde8252aa9f2804171014d50d069ffbf42c7a50b7d74bcbb82bfd5700fcfc2"
            ],
            "version": "==0.6.2"
        },
        "epdlib": {
            "hashes": [
                "sha256:053da4543cad6a18b58080c64c3616c79bb6d2f264cb6f32eb2d35bd80aa1190"
            ],
            "index": "piwheels",
            "version": "==0.6.1.3"
        },
        "exceptiongroup": {
            "hashes": [
                "sha256:a94d89a1572b2597e1c610e6f368a88159b410f51c2c46109f4a58e6eca70682"
            ],
            "markers": "python_version < '3.11'",
            "version": "==1.1.3"
        },
        "executing": {
            "hashes": [
                "sha256:8a965b7445f3a47d99a8eee45005119eda7efda96242c56d92c2257102379dda"
            ],
            "version": "==1.2.0"
        },
        "feedparser": {
            "hashes": [
                "sha256:0b5a6848e337dcec930cdf84a6add0e6201951df5c2f840d22b963d1269b5a65"
            ],
            "index": "piwheels",
            "version": "==6.0.10"
        },
        "idna": {
            "hashes": [
                "sha256:bcac1132a4eadea8321490704e2349b752e29c6ec2f1c27d372010e76ebd3fa1"
            ],
            "markers": "python_version >= '3.5'",
            "version": "==3.4"
        },
        "importlib-metadata": {
            "hashes": [
                "sha256:eee927b02daa5ef8a9da352c7edb8d87e3b0fb0ac03c36ec3b0c16a735819c74"
            ],
            "markers": "python_version < '3.10'",
            "version": "==6.8.0"
        },
        "ipykernel": {
            "hashes": [
                "sha256:2e2ee359baba19f10251b99415bb39de1e97d04e1fab385646f24f0596510b77"
            ],
            "index": "piwheels",
            "version": "==6.25.2"
        },
        "ipython": {
            "hashes": [
                "sha256:fb743c445f681db389553e7500a8ddc51b7a15041fda1ea8af4d9dcc620424a5"
            ],
            "markers": "python_version >= '3.9'",
            "version": "==8.15.0"
        },
        "jedi": {
            "hashes": [
                "sha256:d97970bddbc6c98a0dab01ab33b53e3a8636feb6bf15bc83f831bdec3def4d26"
            ],
            "markers": "python_version >= '3.6'",
            "version": "==0.19.0"
        },
        "jupyter-client": {
            "hashes": [
                "sha256:5eb9f55eb0650e81de6b7e34308d8b92d04fe4ec41cd8193a913979e33d8e1a5"
            ],
            "markers": "python_version >= '3.8'",
            "version": "==8.3.1"
        },
        "jupyter-core": {
            "hashes": [
                "sha256:ae9036db959a71ec1cac33081eeb040a79e681f08ab68b0883e9a676c7a90dce"
            ],
            "markers": "python_version >= '3.8'",
            "version": "==5.3.1"
        },
        "matplotlib-inline": {
            "hashes": [
                "sha256:3d7018118d28c556e3746445cbaa61bc04018efc6b1994dd5618fe13fbed736d"
            ],
            "markers": "python_version >= '3.5'",
            "version": "==0.1.6"
        },
        "nest-asyncio": {
            "hashes": [
                "sha256:e02a5e2521add8870548153c12bf3017c7fa38f876b0d3fdc6c15ebe713ff3fd"
            ],
            "markers": "python_version >= '3.5'",
            "version": "==1.5.7"
        },
        "packaging": {
            "hashes": [
                "sha256:135a6a678ccdfa43bfe57118b60922c721550f6c27bec2e1b08f60ba3924fe3e"
            ],
            "markers": "python_version >= '3.7'",
            "version": "==23.1"
        },
        "parso": {
            "hashes": [
                "sha256:9c0ab364bdef44019b358a7263f2cad8f68a7df1ac075b54bcde2eee36e38a50"
            ],
            "markers": "python_version >= '3.6'",
            "version": "==0.8.3"
        },
        "pexpect": {
            "hashes": [
                "sha256:0b48a55dcb3c05f3329815901ea4fc1537514d6ba867a152b581d69ae3710937"
            ],
            "markers": "sys_platform != 'win32'",
            "version": "==4.8.0"
        },
        "pickleshare": {
            "hashes": [
                "sha256:9649af414d74d4df115d5d718f82acb59c9d418196b7b4290ed47a12ce62df56"
            ],
            "version": "==0.7.5"
        },
        "pillow": {
            "hashes": [
                "sha256:c3d151125cf7fad504c9d2b568f546846cb9481169e09c1092f58715d1209e48"
            ],
            "markers": "python_version >= '3.8'",
            "version": "==10.0.0"
        },
        "pipreqs": {
            "hashes": [
                "sha256:dadafd0c71cf9a60e169881b33a0298186bc0f0d81675a93e81bc7fe371ab9ed"
            ],
            "index": "piwheels",
            "version": "==0.4.13"
        },
        "platformdirs": {
            "hashes": [
                "sha256:764db339fa30fdca66d5c819ac9468f5efd2e2e12053163bd60fea9409d2e3af"
            ],
            "markers": "python_version >= '3.7'",
            "version": "==3.10.0"
        },
        "prompt-toolkit": {
            "hashes": [
                "sha256:a3ff6f69f7e5a7951c972956d65565fd3e49b43a9246aff63102a40dd31ce874"
            ],
            "markers": "python_full_version >= '3.7.0'",
            "version": "==3.0.39"
        },
        "psutil": {
            "hashes": [
                "sha256:56f7bc39867415d4be0d2e8537ec59643b2c253d1d38214db9874d48570d0925",
                "sha256:7337415f7f8d238c310f2e5fb7ad5de6a4f709d4854bb83baad44cd16600326c"
            ],
            "index": "piwheels",
            "version": "==5.9.5"
        },
        "ptyprocess": {
            "hashes": [
                "sha256:4b41f3967fce3af57cc7e94b888626c18bf37a083e3651ca8feeb66d492fef35"
            ],
            "version": "==0.7.0"
        },
        "pure-eval": {
            "hashes": [
                "sha256:a169c3f7e38290e2b9dd7da74f5578909e1358aaf6b97d9adee59c56e4eb4d5d"
            ],
            "version": "==0.2.2"
        },
        "pycoingecko": {
            "hashes": [
                "sha256:0f57a079ca8aa9f9a03d937431044410d97a4d2c0d0260919b6d1467af5d9693"
            ],
            "index": "piwheels",
            "version": "==3.1.0"
        },
        "pycparser": {
            "hashes": [
                "sha256:ab326306c89cc646bc81ba2337c513f967faf2b3457985e1c63180adf1ada044"
            ],
            "markers": "python_version >= '2.7' and python_version not in '3.0, 3.1, 3.2, 3.3'",
            "version": "==2.21"
        },
        "pygal": {
            "hashes": [
                "sha256:45bcdffbfda91085d03c6be7f27554a657ba317a3a839b3039e7e318e9dc4f54",
                "sha256:82c1a2d1248d646ff93f0c106e8fefc16c1a9f2e900ced3481f12e554409e4d8"
            ],
            "index": "piwheels",
            "version": "==3.0.0"
        },
        "pygments": {
            "hashes": [
                "sha256:ca6616a95d7517ca5c636e9b865bcb47035881de11845ee5c8ba9f6cfbd39783"
            ],
            "markers": "python_version >= '3.7'",
            "version": "==2.16.1"
        },
        "pypng": {
            "hashes": [
                "sha256:901b9780745cb6815288df5b93ad04182eb9438d503ae764b99c31a21dc0c3b0"
            ],
            "version": "==0.20220715.0"
        },
        "python-dateutil": {
            "hashes": [
                "sha256:961d03dc3453ebbc59dbdea9e4e11c5651520a876d0f4db161e8674aae935da9"
            ],
            "index": "piwheels",
            "version": "==2.8.2"
        },
        "pytz": {
            "hashes": [
                "sha256:62ed0ef64cf7839badfd9f2552facc9ac55ca72cddcde727c5727c34de3ee8ab"
            ],
            "index": "piwheels",
            "version": "==2023.3.post1"
        },
        "pyzmq": {
            "hashes": [
                "sha256:0fee2cca7d73f0df033bf04963c1aac2e692d0f177f8ac2c20f07caba52b7456",
                "sha256:17f66b00443c37f47913dfb8ba55cb89a8bd12d28e3710d88677d875d2739d74",
                "sha256:5a140e626c02451e429bf83e4d391618cb0b42d5cb235d832c8eb9629f986e37",
                "sha256:85f8ce5396bc90d690b9475143a6de1add20d5662c35bc605f81fb65f839251f",
                "sha256:9ca49c7c144a35374b6501969505418b9a6d9e8588cfb4955b5edd389ca9bd14",
                "sha256:a42a570fda7a386155c357518e1dbde03c6eb9d38a3df2f40445c71fb29d8c04"
            ],
            "markers": "python_version >= '3.6'",
            "version": "==25.1.1"
        },
        "qrcode": {
            "hashes": [
                "sha256:7bc1fff114bc8b76d5fd56e920f9037f2bface7bb548afa61cd89c86136b912a"
            ],
            "index": "piwheels",
            "version": "==7.4.2"
        },
        "querylms": {
            "hashes": [
                "sha256:71819ea3fc1448021200a1c716829a4c7ce0c5be609f5f0c0f82a9346635e696"
            ],
            "index": "piwheels",
            "version": "==0.2.2.1"
        },
        "requests": {
            "hashes": [
                "sha256:471e7795897eff62a8e31f26f241e3e67ee80d1bd0f64236538a3dda8d3f1acc"
            ],
            "index": "piwheels",
            "version": "==2.31.0"
        },
        "rpi.gpio": {
            "hashes": [
                "sha256:231f6142c25975a7e39b96faf4905f05f97dba6809e8c5f0d58f284b35b4b821",
                "sha256:5073d1972727cfad38a1a42f02da91dc41f137679290aa804ab6c410168347ac",
                "sha256:e5dfec2c4ccb7dbe9eef3dfc76a3b04121fc62d77fd8fbe1a8e841468a1b0c4c"
            ],
            "version": "==0.7.1"
        },
        "sgmllib3k": {
            "hashes": [
                "sha256:91c6e449f1df4f71f74327e8a364073b1ddd2e5414d79c6de43706aabafac743"
            ],
            "version": "==1.0.0"
        },
        "six": {
            "hashes": [
                "sha256:8abb2f1d86890a2dfb989f9a77cfcfd3e47c2a354b01111771326f8aa26e0254"
            ],
            "markers": "python_version >= '2.7' and python_version not in '3.0, 3.1, 3.2, 3.3'",
            "version": "==1.16.0"
        },
        "spidev": {
            "hashes": [
                "sha256:202698d9f7906cca548c301b97eee117bc029642af3e743b28597f752d11c0ee",
                "sha256:ef47ae501d5b307ce7411e3ddab4b4d04fa31fdaed5e5730a4e3336f65c5f76b"
            ],
            "version": "==3.6"
        },
        "stack-data": {
            "hashes": [
                "sha256:e33c24dd63587fa68bb9bd7d0c380e4c1960d75cfe4e0ee4aaad132cea832500"
            ],
            "version": "==0.6.2"
        },
        "tinycss2": {
            "hashes": [
                "sha256:137efd731e2f4b24b0f91c0360e6a2510e8d4c78a7eed828684ce83bdc581166"
            ],
            "markers": "python_version >= '3.7'",
            "version": "==1.2.1"
        },
        "tornado": {
            "hashes": [
                "sha256:defabed9ff638f8aab15deda45cf75d9f96cd331e67bc29ed25bfc0de3fcce7e"
            ],
            "markers": "python_version >= '3.8'",
            "version": "==6.3.3"
        },
        "traitlets": {
            "hashes": [
                "sha256:9e6ec080259b9a5940c797d58b613b5e31441c2257b87c2e795c5228ae80d2d8"
            ],
            "markers": "python_version >= '3.7'",
            "version": "==5.9.0"
        },
        "typing-extensions": {
            "hashes": [
                "sha256:cabd4dcc82c306fe7dc7f141b7b8b83999c16f80701079e8a2431d05070580b9"
            ],
            "markers": "python_version >= '3.7'",
            "version": "==4.7.1"
        },
        "urllib3": {
            "hashes": [
                "sha256:b256d3c847397b76eca8a1d69f326d7d77a77803a19745b535cd205cd2eca229"
            ],
            "markers": "python_version >= '3.7'",
            "version": "==2.0.4"
        },
        "wcwidth": {
            "hashes": [
                "sha256:dc37029ea17a1ce504bc65cb644df6f1b08da98ee918ffab1e04fc6b9f3c6222"
            ],
            "version": "==0.2.6"
        },
        "webencodings": {
            "hashes": [
                "sha256:a0af1213f3c2226497a97e2b3aa01a7e4bee4f403f95be16fc9acd2947514a78"
            ],
            "version": "==0.5.1"
        },
        "yarg": {
            "hashes": [
                "sha256:4f9cebdc00fac946c9bf2783d634e538a71c7d280a4d806d45fd4dc0ef441492"
            ],
            "version": "==0.1.9"
        },
        "zipp": {
            "hashes": [
                "sha256:ffebb2bccce49efecaa7b6d4d273d64e047c4d0ea72b6f04c05a11a9f49a753d"
            ],
            "markers": "python_version >= '3.8'",
            "version": "==3.16.2"
        }
    }
}
